
Microsoft Visual Studio Solution File, Format Version 12.00
# Visual Studio Version 16
VisualStudioVersion = 16.0.31605.320
MinimumVisualStudioVersion = 10.0.40219.1
Project("{FAE04EC0-301F-11D3-BF4B-00C04F79EFBC}") = "CertificacaoCsharp", "CertificacaoCsharp\CertificacaoCsharp.csproj", "{BFF5CD39-1E6E-4FB5-9409-69FB1124593C}"
EndProject
Global
	GlobalSection(SolutionConfigurationPlatforms) = preSolution
		Debug|Any CPU = Debug|Any CPU
		Release|Any CPU = Release|Any CPU
	EndGlobalSection
	GlobalSection(ProjectConfigurationPlatforms) = postSolution
		{BFF5CD39-1E6E-4FB5-9409-69FB1124593C}.Debug|Any CPU.ActiveCfg = Debug|Any CPU
		{BFF5CD39-1E6E-4FB5-9409-69FB1124593C}.Debug|Any CPU.Build.0 = Debug|Any CPU
		{BFF5CD39-1E6E-4FB5-9409-69FB1124593C}.Release|Any CPU.ActiveCfg = Release|Any CPU
		{BFF5CD39-1E6E-4FB5-9409-69FB1124593C}.Release|Any CPU.Build.0 = Release|Any CPU
	EndGlobalSection
	GlobalSection(SolutionProperties) = preSolution
		HideSolutionNode = FALSE
	EndGlobalSection
	GlobalSection(ExtensibilityGlobals) = postSolution
		SolutionGuid = {AD350B7A-19A0-4A19-A296-8F0E7E158886}
	EndGlobalSection
EndGlobal
